<?xml version="1.0" encoding="utf-8"?>
<Project ToolsVersion="4.0" xmlns="http://schemas.microsoft.com/developer/msbuild/2003">
  <ItemGroup>
    <ClCompile Include="Cards\Cards.cpp" />
    <ClCompile Include="Cards\CardsDriver.cpp" />
    <ClCompile Include="GameEngine\GameEngine.cpp" />
    <ClCompile Include="GameEngine\GameEngineDriver.cpp" />
    <ClCompile Include="Main.cpp" />
    <ClCompile Include="Player\Player.cpp" />
    <ClCompile Include="Player\PlayerDriver.cpp" />
    <ClCompile Include="Map\Map.cpp" />
    <ClCompile Include="Map\MapDriver.cpp" />
    <ClCompile Include="Orders\Orders.cpp" />
    <ClCompile Include="Orders\OrdersDriver.cpp" />
    <ClCompile Include="CommandProcessing\CommandProcessing.cpp" />
    <ClCompile Include="CommandProcessing\CommandProcessingDriver.cpp" />
  </ItemGroup>
  <ItemGroup>
    <ClInclude Include="Player\Player.h" />
    <ClInclude Include="Map\Map.h" />
    <ClInclude Include="Orders\Orders.h" />
    <ClInclude Include="GameEngine\GameEngine.h" />
    <ClInclude Include="Cards\Cards.h" />
    <ClInclude Include="CommandProcessing\CommandProcessing.h" />
  </ItemGroup>
  <ItemGroup>
    <None Include="..\..\Users\Sango\Downloads\Alabama.map" />
    <None Include="Map\ConquestMaps\India.map" />
  </ItemGroup>
  <ItemGroup>
    <Text Include="CommandProcessing\CommandProcessorCommands.txt" />
    <Text Include="GameEngine\GameStartupCommands.txt" />
  </ItemGroup>
</Project>